{
  "name": "雅思听力宝烤鸭版",
  "lockfileVersion": 2,
  "requires": true,
  "packages": {
    "": {
      "dependencies": {
        "spa-custom-hooks": "^1.2.7"
      }
    },
    "node_modules/spa-custom-hooks": {
      "version": "1.2.7",
      "resolved": "https://registry.npmjs.org/spa-custom-hooks/-/spa-custom-hooks-1.2.7.tgz",
      "integrity": "sha512-Mi6u98HkjsXmG8XuDBxMvP1iTJ59w2XhG//F6UVj3Y+s01JvCqaxvLm86T6rnYtSZkICRzkQVQ8HOjYlxkxrsA=="
    }
  },
  "dependencies": {
    "spa-custom-hooks": {
      "version": "1.2.7",
      "resolved": "https://registry.npmjs.org/spa-custom-hooks/-/spa-custom-hooks-1.2.7.tgz",
      "integrity": "sha512-Mi6u98HkjsXmG8XuDBxMvP1iTJ59w2XhG//F6UVj3Y+s01JvCqaxvLm86T6rnYtSZkICRzkQVQ8HOjYlxkxrsA=="
    }
  }
}
